
Microsoft Visual Studio Solution File, Format Version 12.00
Project("{FAE04EC0-301F-11D3-BF4B-00C04F79EFBC}") = "DesktopLayouts", "DesktopLayouts\DesktopLayouts.csproj", "{30413451-95D1-46F0-97DC-68F927318001}"
EndProject
Global
	GlobalSection(SolutionConfigurationPlatforms) = preSolution
		Debug|Any CPU = Debug|Any CPU
		Release|Any CPU = Release|Any CPU
	EndGlobalSection
	GlobalSection(ProjectConfigurationPlatforms) = postSolution
		{30413451-95D1-46F0-97DC-68F927318001}.Debug|Any CPU.ActiveCfg = Debug|Any CPU
		{30413451-95D1-46F0-97DC-68F927318001}.Debug|Any CPU.Build.0 = Debug|Any CPU
		{30413451-95D1-46F0-97DC-68F927318001}.Release|Any CPU.ActiveCfg = Release|Any CPU
		{30413451-95D1-46F0-97DC-68F927318001}.Release|Any CPU.Build.0 = Release|Any CPU
	EndGlobalSection
EndGlobal
